
Microsoft Visual Studio Solution File, Format Version 12.00
# Visual Studio Version 16
VisualStudioVersion = 16.0.29920.165
MinimumVisualStudioVersion = 10.0.40219.1
Project("{FAE04EC0-301F-11D3-BF4B-00C04F79EFBC}") = "SplitTheBill_2", "SplitTheBill_2\SplitTheBill_2.csproj", "{938ACB1F-CAD6-4EE6-BCA6-4A2EADBF880D}"
EndProject
Global
	GlobalSection(SolutionConfigurationPlatforms) = preSolution
		Debug|Any CPU = Debug|Any CPU
		Release|Any CPU = Release|Any CPU
	EndGlobalSection
	GlobalSection(ProjectConfigurationPlatforms) = postSolution
		{938ACB1F-CAD6-4EE6-BCA6-4A2EADBF880D}.Debug|Any CPU.ActiveCfg = Debug|Any CPU
		{938ACB1F-CAD6-4EE6-BCA6-4A2EADBF880D}.Debug|Any CPU.Build.0 = Debug|Any CPU
		{938ACB1F-CAD6-4EE6-BCA6-4A2EADBF880D}.Release|Any CPU.ActiveCfg = Release|Any CPU
		{938ACB1F-CAD6-4EE6-BCA6-4A2EADBF880D}.Release|Any CPU.Build.0 = Release|Any CPU
	EndGlobalSection
	GlobalSection(SolutionProperties) = preSolution
		HideSolutionNode = FALSE
	EndGlobalSection
	GlobalSection(ExtensibilityGlobals) = postSolution
		SolutionGuid = {A054AC5F-07C4-40E4-9176-15E334E3C895}
	EndGlobalSection
EndGlobal
